PODS:
  - Alamofire (4.9.0)
  - AnimatedGradientView (2.1.0)
  - BetterSegmentedControl (1.3.0)
  - KRTournamentView (2.0.0)
  - Mapbox-iOS-SDK (5.5.0)
  - SideMenuSwift (2.0.3)
  - SwiftyJSON (4.3.0)

DEPENDENCIES:
  - Alamofire
  - AnimatedGradientView
  - BetterSegmentedControl (~> 1.3)
  - KRTournamentView
  - Mapbox-iOS-SDK (~> 5.5)
  - SideMenuSwift
  - SwiftyJSON (~> 4.0)

SPEC REPOS:
  https://github.com/CocoaPods/Specs.git:
    - Alamofire
    - SideMenuSwift
  trunk:
    - AnimatedGradientView
    - BetterSegmentedControl
    - KRTournamentView
    - Mapbox-iOS-SDK
    - SwiftyJSON

SPEC CHECKSUMS:
  Alamofire: afc3e7c6db61476cb45cdd23fed06bad03bbc321
  AnimatedGradientView: 12f1cff220a83a1783eca3386d6dbded737d6aeb
  BetterSegmentedControl: 85d1b0343a09603b098884d527f550dfc8e6cdd9
  KRTournamentView: 7753c8d0bca45bfb758eb112e73d8e242001700c
  Mapbox-iOS-SDK: 7fa66a27e586acb14c7f32ec5a487343e3994451
  SideMenuSwift: 5c2b1496544ce3f1f08f4dddf4810eaac49f543d
  SwiftyJSON: 6faa0040f8b59dead0ee07436cbf76b73c08fd08

PODFILE CHECKSUM: f1a54df138e8b8ece58552c7914ba25e21283a73

COCOAPODS: 1.8.4
